
Microsoft Visual Studio Solution File, Format Version 12.00
# Visual Studio Version 17
VisualStudioVersion = 17.5.002.0
MinimumVisualStudioVersion = 10.0.40219.1
Project("{9A19103F-16F7-4668-BE54-9A1E7A4F7556}") = "main", "main.csproj", "{5F0F0916-E15E-48CC-92E1-8990537117F3}"
EndProject
Global
	GlobalSection(SolutionConfigurationPlatforms) = preSolution
		Debug|Any CPU = Debug|Any CPU
		Release|Any CPU = Release|Any CPU
	EndGlobalSection
	GlobalSection(ProjectConfigurationPlatforms) = postSolution
		{5F0F0916-E15E-48CC-92E1-8990537117F3}.Debug|Any CPU.ActiveCfg = Debug|Any CPU
		{5F0F0916-E15E-48CC-92E1-8990537117F3}.Debug|Any CPU.Build.0 = Debug|Any CPU
		{5F0F0916-E15E-48CC-92E1-8990537117F3}.Release|Any CPU.ActiveCfg = Release|Any CPU
		{5F0F0916-E15E-48CC-92E1-8990537117F3}.Release|Any CPU.Build.0 = Release|Any CPU
	EndGlobalSection
	GlobalSection(SolutionProperties) = preSolution
		HideSolutionNode = FALSE
	EndGlobalSection
	GlobalSection(ExtensibilityGlobals) = postSolution
		SolutionGuid = {C2DDFBE7-FAAB-46FC-BE92-E005ED331ACD}
	EndGlobalSection
EndGlobal
